<Solution>
  <Project Path="YarnSpinner.Unity.csproj" />
  <Project Path="YarnSpinner.Unity.Editor.csproj" />
  <Project Path="Assembly-CSharp.csproj" />
  <Project Path="Assembly-CSharp-firstpass.csproj" />
  <Project Path="YarnSpinner.Addons.TextAnimatorIntegration.Editor.csproj" />
  <Project Path="YarnSpinner.Addons.TextAnimatorIntegration.csproj" />
</Solution>
